
Microsoft Visual Studio Solution File, Format Version 12.00
# Visual Studio Version 17
VisualStudioVersion = 17.7.34202.233
MinimumVisualStudioVersion = 10.0.40219.1
Project("{FAE04EC0-301F-11D3-BF4B-00C04F79EFBC}") = "EventCalendarApp", "EventCalendarApp\EventCalendarApp.csproj", "{B3A2CBFC-D4B8-4A5D-A4AD-AECBE4196F69}"
EndProject
Global
	GlobalSection(SolutionConfigurationPlatforms) = preSolution
		Debug|Any CPU = Debug|Any CPU
		Release|Any CPU = Release|Any CPU
	EndGlobalSection
	GlobalSection(ProjectConfigurationPlatforms) = postSolution
		{B3A2CBFC-D4B8-4A5D-A4AD-AECBE4196F69}.Debug|Any CPU.ActiveCfg = Debug|Any CPU
		{B3A2CBFC-D4B8-4A5D-A4AD-AECBE4196F69}.Debug|Any CPU.Build.0 = Debug|Any CPU
		{B3A2CBFC-D4B8-4A5D-A4AD-AECBE4196F69}.Release|Any CPU.ActiveCfg = Release|Any CPU
		{B3A2CBFC-D4B8-4A5D-A4AD-AECBE4196F69}.Release|Any CPU.Build.0 = Release|Any CPU
	EndGlobalSection
	GlobalSection(SolutionProperties) = preSolution
		HideSolutionNode = FALSE
	EndGlobalSection
	GlobalSection(ExtensibilityGlobals) = postSolution
		SolutionGuid = {A7A4C6FC-9F1C-4389-B45A-34284704C1A4}
	EndGlobalSection
EndGlobal
